<Solution>
  <Project Path="FlowControlGodotClient/FlowControlGodotClient.csproj" />
  <Project Path="FlowControlModel/FlowControlModel.csproj" />
  <Project Path="FlowControlBusiness/FlowControlBusiness.csproj" />
  <Project Path="FlowControlModel.Tests/FlowControlModel.Tests.csproj" />
</Solution>

